{
  "name": "food-calculator",
  "version": "1.0.0",
  "lockfileVersion": 3,
  "requires": true,
  "packages": {
    "": {
      "name": "food-calculator",
      "version": "1.0.0",
      "license": "ISC",
      "dependencies": {
        "greek-utils": "^1.3.0"
      }
    },
    "node_modules/greek-utils": {
      "version": "1.3.0",
      "resolved": "https://registry.npmjs.org/greek-utils/-/greek-utils-1.3.0.tgz",
      "integrity": "sha512-ua6MYA25xHe4wZ1Bv5FjTxDqAJ8ts1LmP4DpiL0Z837+XohXTS2N4lzM6rRzB5Z9hiWgimY8Aj8HXiONLDfo8w=="
    }
  }
}
